
Microsoft Visual Studio Solution File, Format Version 12.00
# Visual Studio Version 17
VisualStudioVersion = 17.3.32922.545
MinimumVisualStudioVersion = 10.0.40219.1
Project("{FAE04EC0-301F-11D3-BF4B-00C04F79EFBC}") = "Examen3", "Examen3.csproj", "{D3F8876B-4477-4399-8FEF-0A6E2E47F9BC}"
EndProject
Global
	GlobalSection(SolutionConfigurationPlatforms) = preSolution
		Debug|Any CPU = Debug|Any CPU
		Release|Any CPU = Release|Any CPU
	EndGlobalSection
	GlobalSection(ProjectConfigurationPlatforms) = postSolution
		{D3F8876B-4477-4399-8FEF-0A6E2E47F9BC}.Debug|Any CPU.ActiveCfg = Debug|Any CPU
		{D3F8876B-4477-4399-8FEF-0A6E2E47F9BC}.Debug|Any CPU.Build.0 = Debug|Any CPU
		{D3F8876B-4477-4399-8FEF-0A6E2E47F9BC}.Release|Any CPU.ActiveCfg = Release|Any CPU
		{D3F8876B-4477-4399-8FEF-0A6E2E47F9BC}.Release|Any CPU.Build.0 = Release|Any CPU
	EndGlobalSection
	GlobalSection(SolutionProperties) = preSolution
		HideSolutionNode = FALSE
	EndGlobalSection
	GlobalSection(ExtensibilityGlobals) = postSolution
		SolutionGuid = {33A82C41-8AAF-4939-8604-4D279C0CE133}
	EndGlobalSection
EndGlobal
